
Microsoft Visual Studio Solution File, Format Version 11.00
# Visual Studio 2010
Project("{E097FAD1-6243-4DAD-9C02-E9B9EFC3FFC1}") = "Assembly-CSharp", "Assembly-CSharp.csproj", "{8DBCF3B1-0EF9-853F-9EEC-4E227B7FF06E}"
EndProject
Project("{E097FAD1-6243-4DAD-9C02-E9B9EFC3FFC1}") = "Assembly-CSharp-Editor-firstpass", "Assembly-CSharp-Editor-firstpass.csproj", "{2EA49642-73E2-D41C-259D-66CB56BFE592}"
EndProject
Global
	GlobalSection(SolutionConfigurationPlatforms) = preSolution
		Debug|Any CPU = Debug|Any CPU
		Release|Any CPU = Release|Any CPU
	EndGlobalSection
	GlobalSection(ProjectConfigurationPlatforms) = postSolution
		{8DBCF3B1-0EF9-853F-9EEC-4E227B7FF06E}.Debug|Any CPU.ActiveCfg = Debug|Any CPU
		{8DBCF3B1-0EF9-853F-9EEC-4E227B7FF06E}.Debug|Any CPU.Build.0 = Debug|Any CPU
		{8DBCF3B1-0EF9-853F-9EEC-4E227B7FF06E}.Release|Any CPU.ActiveCfg = Release|Any CPU
		{8DBCF3B1-0EF9-853F-9EEC-4E227B7FF06E}.Release|Any CPU.Build.0 = Release|Any CPU
		{2EA49642-73E2-D41C-259D-66CB56BFE592}.Debug|Any CPU.ActiveCfg = Debug|Any CPU
		{2EA49642-73E2-D41C-259D-66CB56BFE592}.Debug|Any CPU.Build.0 = Debug|Any CPU
		{2EA49642-73E2-D41C-259D-66CB56BFE592}.Release|Any CPU.ActiveCfg = Release|Any CPU
		{2EA49642-73E2-D41C-259D-66CB56BFE592}.Release|Any CPU.Build.0 = Release|Any CPU
	EndGlobalSection
	GlobalSection(SolutionProperties) = preSolution
		HideSolutionNode = FALSE
	EndGlobalSection
	GlobalSection(MonoDevelopProperties) = preSolution
		StartupItem = Assembly-CSharp.csproj
	EndGlobalSection
EndGlobal
